// !$*UTF8*$!
{
	archiveVersion = 1;
	classes = {
	};
	objectVersion = 50;
	objects = {

/* Begin PBXBuildFile section */
		6B6599EF22B0FC8B00336632 /* CoreData.rtfd in Resources */ = {isa = PBXBuildFile; fileRef = 6B6599EE22B0FC8B00336632 /* CoreData.rtfd */; };
		6B7EB77922AF8083002E202F /* AppDelegate.swift in Sources */ = {isa = PBXBuildFile; fileRef = 6B7EB77822AF8083002E202F /* AppDelegate.swift */; };
		6B7EB77B22AF8083002E202F /* ViewController.swift in Sources */ = {isa = PBXBuildFile; fileRef = 6B7EB77A22AF8083002E202F /* ViewController.swift */; };
		6B7EB77E22AF8083002E202F /* Main.storyboard in Resources */ = {isa = PBXBuildFile; fileRef = 6B7EB77C22AF8083002E202F /* Main.storyboard */; };
		6B7EB78122AF8083002E202F /* CoreDataEg.xcdatamodeld in Sources */ = {isa = PBXBuildFile; fileRef = 6B7EB77F22AF8083002E202F /* CoreDataEg.xcdatamodeld */; };
		6B7EB78322AF8086002E202F /* Assets.xcassets in Resources */ = {isa = PBXBuildFile; fileRef = 6B7EB78222AF8086002E202F /* Assets.xcassets */; };
		6B7EB78622AF8086002E202F /* LaunchScreen.storyboard in Resources */ = {isa = PBXBuildFile; fileRef = 6B7EB78422AF8086002E202F /* LaunchScreen.storyboard */; };
		6BF2BC1D22B1272E0089F6BB /* Tweet.swift in Sources */ = {isa = PBXBuildFile; fileRef = 6BF2BC1C22B1272E0089F6BB /* Tweet.swift */; };
/* End PBXBuildFile section */

/* Begin PBXFileReference section */
		6B6599EE22B0FC8B00336632 /* CoreData.rtfd */ = {isa = PBXFileReference; lastKnownFileType = wrapper.rtfd; path = CoreData.rtfd; sourceTree = "<group>"; };
		6B7EB77522AF8083002E202F /* CoreDataEg.app */ = {isa = PBXFileReference; explicitFileType = wrapper.application; includeInIndex = 0; path = CoreDataEg.app; sourceTree = BUILT_PRODUCTS_DIR; };
		6B7EB77822AF8083002E202F /* AppDelegate.swift */ = {isa = PBXFileReference; lastKnownFileType = sourcecode.swift; path = AppDelegate.swift; sourceTree = "<group>"; };
		6B7EB77A22AF8083002E202F /* ViewController.swift */ = {isa = PBXFileReference; lastKnownFileType = sourcecode.swift; path = ViewController.swift; sourceTree = "<group>"; };
		6B7EB77D22AF8083002E202F /* Base */ = {isa = PBXFileReference; lastKnownFileType = file.storyboard; name = Base; path = Base.lproj/Main.storyboard; sourceTree = "<group>"; };
		6B7EB78022AF8083002E202F /* CoreDataEg.xcdatamodel */ = {isa = PBXFileReference; lastKnownFileType = wrapper.xcdatamodel; path = CoreDataEg.xcdatamodel; sourceTree = "<group>"; };
		6B7EB78222AF8086002E202F /* Assets.xcassets */ = {isa = PBXFileReference; lastKnownFileType = folder.assetcatalog; path = Assets.xcassets; sourceTree = "<group>"; };
		6B7EB78522AF8086002E202F /* Base */ = {isa = PBXFileReference; lastKnownFileType = file.storyboard; name = Base; path = Base.lproj/LaunchScreen.storyboard; sourceTree = "<group>"; };
		6B7EB78722AF8086002E202F /* Info.plist */ = {isa = PBXFileReference; lastKnownFileType = text.plist.xml; path = Info.plist; sourceTree = "<group>"; };
		6BF2BC1C22B1272E0089F6BB /* Tweet.swift */ = {isa = PBXFileReference; lastKnownFileType = sourcecode.swift; path = Tweet.swift; sourceTree = "<group>"; };
/* End PBXFileReference section */

/* Begin PBXFrameworksBuildPhase section */
		6B7EB77222AF8083002E202F /* Frameworks */ = {
			isa = PBXFrameworksBuildPhase;
			buildActionMask = 2147483647;
			files = (
			);
			runOnlyForDeploymentPostprocessing = 0;
		};
/* End PBXFrameworksBuildPhase section */

/* Begin PBXGroup section */
		6B7EB76C22AF8083002E202F = {
			isa = PBXGroup;
			children = (
				6B7EB77722AF8083002E202F /* CoreDataEg */,
				6B7EB77622AF8083002E202F /* Products */,
			);
			sourceTree = "<group>";
		};
		6B7EB77622AF8083002E202F /* Products */ = {
			isa = PBXGroup;
			children = (
				6B7EB77522AF8083002E202F /* CoreDataEg.app */,
			);
			name = Products;
			sourceTree = "<group>";
		};
		6B7EB77722AF8083002E202F /* CoreDataEg */ = {
			isa = PBXGroup;
			children = (
				6B7EB77822AF8083002E202F /* AppDelegate.swift */,
				6B7EB77A22AF8083002E202F /* ViewController.swift */,
				6B7EB77C22AF8083002E202F /* Main.storyboard */,
				6B7EB78222AF8086002E202F /* Assets.xcassets */,
				6B7EB78422AF8086002E202F /* LaunchScreen.storyboard */,
				6B7EB78722AF8086002E202F /* Info.plist */,
				6B7EB77F22AF8083002E202F /* CoreDataEg.xcdatamodeld */,
				6BF2BC1C22B1272E0089F6BB /* Tweet.swift */,
				6B6599EE22B0FC8B00336632 /* CoreData.rtfd */,
			);
			path = CoreDataEg;
			sourceTree = "<group>";
		};
/* End PBXGroup section */

/* Begin PBXNativeTarget section */
		6B7EB77422AF8083002E202F /* CoreDataEg */ = {
			isa = PBXNativeTarget;
			buildConfigurationList = 6B7EB78A22AF8086002E202F /* Build configuration list for PBXNativeTarget "CoreDataEg" */;
			buildPhases = (
				6B7EB77122AF8083002E202F /* Sources */,
				6B7EB77222AF8083002E202F /* Frameworks */,
				6B7EB77322AF8083002E202F /* Resources */,
			);
			buildRules = (
			);
			dependencies = (
			);
			name = CoreDataEg;
			productName = CoreDataEg;
			productReference = 6B7EB77522AF8083002E202F /* CoreDataEg.app */;
			productType = "com.apple.product-type.application";
		};
/* End PBXNativeTarget section */

/* Begin PBXProject section */
		6B7EB76D22AF8083002E202F /* Project object */ = {
			isa = PBXProject;
			attributes = {
				LastSwiftUpdateCheck = 1020;
				LastUpgradeCheck = 1020;
				ORGANIZATIONNAME = "Boppo Technologies";
				TargetAttributes = {
					6B7EB77422AF8083002E202F = {
						CreatedOnToolsVersion = 10.2.1;
					};
				};
			};
			buildConfigurationList = 6B7EB77022AF8083002E202F /* Build configuration list for PBXProject "CoreDataEg" */;
			compatibilityVersion = "Xcode 9.3";
			developmentRegion = en;
			hasScannedForEncodings = 0;
			knownRegions = (
				en,
				Base,
			);
			mainGroup = 6B7EB76C22AF8083002E202F;
			productRefGroup = 6B7EB77622AF8083002E202F /* Products */;
			projectDirPath = "";
			projectRoot = "";
			targets = (
				6B7EB77422AF8083002E202F /* CoreDataEg */,
			);
		};
/* End PBXProject section */

/* Begin PBXResourcesBuildPhase section */
		6B7EB77322AF8083002E202F /* Resources */ = {
			isa = PBXResourcesBuildPhase;
			buildActionMask = 2147483647;
			files = (
				6B7EB78622AF8086002E202F /* LaunchScreen.storyboard in Resources */,
				6B6599EF22B0FC8B00336632 /* CoreData.rtfd in Resources */,
				6B7EB78322AF8086002E202F /* Assets.xcassets in Resources */,
				6B7EB77E22AF8083002E202F /* Main.storyboard in Resources */,
			);
			runOnlyForDeploymentPostprocessing = 0;
		};
/* End PBXResourcesBuildPhase section */

/* Begin PBXSourcesBuildPhase section */
		6B7EB77122AF8083002E202F /* Sources */ = {
			isa = PBXSourcesBuildPhase;
			buildActionMask = 2147483647;
			files = (
				6B7EB77B22AF8083002E202F /* ViewController.swift in Sources */,
				6B7EB77922AF8083002E202F /* AppDelegate.swift in Sources */,
				6B7EB78122AF8083002E202F /* CoreDataEg.xcdatamodeld in Sources */,
				6BF2BC1D22B1272E0089F6BB /* Tweet.swift in Sources */,
			);
			runOnlyForDeploymentPostprocessing = 0;
		};
/* End PBXSourcesBuildPhase section */

/* Begin PBXVariantGroup section */
		6B7EB77C22AF8083002E202F /* Main.storyboard */ = {
			isa = PBXVariantGroup;
			children = (
				6B7EB77D22AF8083002E202F /* Base */,
			);
			name = Main.storyboard;
			sourceTree = "<group>";
		};
		6B7EB78422AF8086002E202F /* LaunchScreen.storyboard */ = {
			isa = PBXVariantGroup;
			children = (
				6B7EB78522AF8086002E202F /* Base */,
			);
			name = LaunchScreen.storyboard;
			sourceTree = "<group>";
		};
/* End PBXVariantGroup section */

/* Begin XCBuildConfiguration section */
		6B7EB78822AF8086002E202F /* Debug */ = {
			isa = XCBuildConfiguration;
			buildSettings = {
				ALWAYS_SEARCH_USER_PATHS = NO;
				CLANG_ANALYZER_NONNULL = YES;
				CLANG_ANALYZER_NUMBER_OBJECT_CONVERSION = YES_AGGRESSIVE;
				CLANG_CXX_LANGUAGE_STANDARD = "gnu++14";
				CLANG_CXX_LIBRARY = "libc++";
				CLANG_ENABLE_MODULES = YES;
				CLANG_ENABLE_OBJC_ARC = YES;
				CLANG_ENABLE_OBJC_WEAK = YES;
				CLANG_WARN_BLOCK_CAPTURE_AUTORELEASING = YES;
				CLANG_WARN_BOOL_CONVERSION = YES;
				CLANG_WARN_COMMA = YES;
				CLANG_WARN_CONSTANT_CONVERSION = YES;
				CLANG_WARN_DEPRECATED_OBJC_IMPLEMENTATIONS = YES;
				CLANG_WARN_DIRECT_OBJC_ISA_USAGE = YES_ERROR;
				CLANG_WARN_DOCUMENTATION_COMMENTS = YES;
				CLANG_WARN_EMPTY_BODY = YES;
				CLANG_WARN_ENUM_CONVERSION = YES;
				CLANG_WARN_INFINITE_RECURSION = YES;
				CLANG_WARN_INT_CONVERSION = YES;
				CLANG_WARN_NON_LITERAL_NULL_CONVERSION = YES;
				CLANG_WARN_OBJC_IMPLICIT_RETAIN_SELF = YES;
				CLANG_WARN_OBJC_LITERAL_CONVERSION = YES;
				CLANG_WARN_OBJC_ROOT_CLASS = YES_ERROR;
				CLANG_WARN_RANGE_LOOP_ANALYSIS = YES;
				CLANG_WARN_STRICT_PROTOTYPES = YES;
				CLANG_WARN_SUSPICIOUS_MOVE = YES;
				CLANG_WARN_UNGUARDED_AVAILABILITY = YES_AGGRESSIVE;
				CLANG_WARN_UNREACHABLE_CODE = YES;
				CLANG_WARN__DUPLICATE_METHOD_MATCH = YES;
				CODE_SIGN_IDENTITY = "iPhone Developer";
				COPY_PHASE_STRIP = NO;
				DEBUG_INFORMATION_FORMAT = dwarf;
				ENABLE_STRICT_OBJC_MSGSEND = YES;
				ENABLE_TESTABILITY = YES;
				GCC_C_LANGUAGE_STANDARD = gnu11;
				GCC_DYNAMIC_NO_PIC = NO;
				GCC_NO_COMMON_BLOCKS = YES;
				GCC_OPTIMIZATION_LEVEL = 0;
				GCC_PREPROCESSOR_DEFINITIONS = (
					"DEBUG=1",
					"$(inherited)",
				);
				GCC_WARN_64_TO_32_BIT_CONVERSION = YES;
				GCC_WARN_ABOUT_RETURN_TYPE = YES_ERROR;
				GCC_WARN_UNDECLARED_SELECTOR = YES;
				GCC_WARN_UNINITIALIZED_AUTOS = YES_AGGRESSIVE;
				GCC_WARN_UNUSED_FUNCTION = YES;
				GCC_WARN_UNUSED_VARIABLE = YES;
				IPHONEOS_DEPLOYMENT_TARGET = 12.2;
				MTL_ENABLE_DEBUG_INFO = INCLUDE_SOURCE;
				MTL_FAST_MATH = YES;
				ONLY_ACTIVE_ARCH = YES;
				SDKROOT = iphoneos;
				SWIFT_ACTIVE_COMPILATION_CONDITIONS = DEBUG;
				SWIFT_OPTIMIZATION_LEVEL = "-Onone";
			};
			name = Debug;
		};
		6B7EB78922AF8086002E202F /* Release */ = {
			isa = XCBuildConfiguration;
			buildSettings = {
				ALWAYS_SEARCH_USER_PATHS = NO;
				CLANG_ANALYZER_NONNULL = YES;
				CLANG_ANALYZER_NUMBER_OBJECT_CONVERSION = YES_AGGRESSIVE;
				CLANG_CXX_LANGUAGE_STANDARD = "gnu++14";
				CLANG_CXX_LIBRARY = "libc++";
				CLANG_ENABLE_MODULES = YES;
				CLANG_ENABLE_OBJC_ARC = YES;
				CLANG_ENABLE_OBJC_WEAK = YES;
				CLANG_WARN_BLOCK_CAPTURE_AUTORELEASING = YES;
				CLANG_WARN_BOOL_CONVERSION = YES;
				CLANG_WARN_COMMA = YES;
				CLANG_WARN_CONSTANT_CONVERSION = YES;
				CLANG_WARN_DEPRECATED_OBJC_IMPLEMENTATIONS = YES;
				CLANG_WARN_DIRECT_OBJC_ISA_USAGE = YES_ERROR;
				CLANG_WARN_DOCUMENTATION_COMMENTS = YES;
				CLANG_WARN_EMPTY_BODY = YES;
				CLANG_WARN_ENUM_CONVERSION = YES;
				CLANG_WARN_INFINITE_RECURSION = YES;
				CLANG_WARN_INT_CONVERSION = YES;
				CLANG_WARN_NON_LITERAL_NULL_CONVERSION = YES;
				CLANG_WARN_OBJC_IMPLICIT_RETAIN_SELF = YES;
				CLANG_WARN_OBJC_LITERAL_CONVERSION = YES;
				CLANG_WARN_OBJC_ROOT_CLASS = YES_ERROR;
				CLANG_WARN_RANGE_LOOP_ANALYSIS = YES;
				CLANG_WARN_STRICT_PROTOTYPES = YES;
				CLANG_WARN_SUSPICIOUS_MOVE = YES;
				CLANG_WARN_UNGUARDED_AVAILABILITY = YES_AGGRESSIVE;
				CLANG_WARN_UNREACHABLE_CODE = YES;
				CLANG_WARN__DUPLICATE_METHOD_MATCH = YES;
				CODE_SIGN_IDENTITY = "iPhone Developer";
				COPY_PHASE_STRIP = NO;
				DEBUG_INFORMATION_FORMAT = "dwarf-with-dsym";
				ENABLE_NS_ASSERTIONS = NO;
				ENABLE_STRICT_OBJC_MSGSEND = YES;
				GCC_C_LANGUAGE_STANDARD = gnu11;
				GCC_NO_COMMON_BLOCKS = YES;
				GCC_WARN_64_TO_32_BIT_CONVERSION = YES;
				GCC_WARN_ABOUT_RETURN_TYPE = YES_ERROR;
				GCC_WARN_UNDECLARED_SELECTOR = YES;
				GCC_WARN_UNINITIALIZED_AUTOS = YES_AGGRESSIVE;
				GCC_WARN_UNUSED_FUNCTION = YES;
				GCC_WARN_UNUSED_VARIABLE = YES;
				IPHONEOS_DEPLOYMENT_TARGET = 12.2;
				MTL_ENABLE_DEBUG_INFO = NO;
				MTL_FAST_MATH = YES;
				SDKROOT = iphoneos;
				SWIFT_COMPILATION_MODE = wholemodule;
				SWIFT_OPTIMIZATION_LEVEL = "-O";
				VALIDATE_PRODUCT = YES;
			};
			name = Release;
		};
		6B7EB78B22AF8086002E202F /* Debug */ = {
			isa = XCBuildConfiguration;
			buildSettings = {
				ASSETCATALOG_COMPILER_APPICON_NAME = AppIcon;
				CODE_SIGN_STYLE = Automatic;
				DEVELOPMENT_TEAM = 46VFTMYGW3;
				INFOPLIST_FILE = CoreDataEg/Info.plist;
				LD_RUNPATH_SEARCH_PATHS = (
					"$(inherited)",
					"@executable_path/Frameworks",
				);
				PRODUCT_BUNDLE_IDENTIFIER = helloworld.world.CoreDataEg;
				PRODUCT_NAME = "$(TARGET_NAME)";
				SWIFT_VERSION = 5.0;
				TARGETED_DEVICE_FAMILY = "1,2";
			};
			name = Debug;
		};
		6B7EB78C22AF8086002E202F /* Release */ = {
			isa = XCBuildConfiguration;
			buildSettings = {
				ASSETCATALOG_COMPILER_APPICON_NAME = AppIcon;
				CODE_SIGN_STYLE = Automatic;
				DEVELOPMENT_TEAM = 46VFTMYGW3;
				INFOPLIST_FILE = CoreDataEg/Info.plist;
				LD_RUNPATH_SEARCH_PATHS = (
					"$(inherited)",
					"@executable_path/Frameworks",
				);
				PRODUCT_BUNDLE_IDENTIFIER = helloworld.world.CoreDataEg;
				PRODUCT_NAME = "$(TARGET_NAME)";
				SWIFT_VERSION = 5.0;
				TARGETED_DEVICE_FAMILY = "1,2";
			};
			name = Release;
		};
/* End XCBuildConfiguration section */

/* Begin XCConfigurationList section */
		6B7EB77022AF8083002E202F /* Build configuration list for PBXProject "CoreDataEg" */ = {
			isa = XCConfigurationList;
			buildConfigurations = (
				6B7EB78822AF8086002E202F /* Debug */,
				6B7EB78922AF8086002E202F /* Release */,
			);
			defaultConfigurationIsVisible = 0;
			defaultConfigurationName = Release;
		};
		6B7EB78A22AF8086002E202F /* Build configuration list for PBXNativeTarget "CoreDataEg" */ = {
			isa = XCConfigurationList;
			buildConfigurations = (
				6B7EB78B22AF8086002E202F /* Debug */,
				6B7EB78C22AF8086002E202F /* Release */,
			);
			defaultConfigurationIsVisible = 0;
			defaultConfigurationName = Release;
		};
/* End XCConfigurationList section */

/* Begin XCVersionGroup section */
		6B7EB77F22AF8083002E202F /* CoreDataEg.xcdatamodeld */ = {
			isa = XCVersionGroup;
			children = (
				6B7EB78022AF8083002E202F /* CoreDataEg.xcdatamodel */,
			);
			currentVersion = 6B7EB78022AF8083002E202F /* CoreDataEg.xcdatamodel */;
			path = CoreDataEg.xcdatamodeld;
			sourceTree = "<group>";
			versionGroupType = wrapper.xcdatamodel;
		};
/* End XCVersionGroup section */
	};
	rootObject = 6B7EB76D22AF8083002E202F /* Project object */;
}
